
Microsoft Visual Studio Solution File, Format Version 12.00
# Visual Studio Version 17
VisualStudioVersion = 17.7.34024.191
MinimumVisualStudioVersion = 10.0.40219.1
Project("{8BC9CEB8-8B4A-11D0-8D11-00A0C91BC942}") = "PhotoshopAPI", "PhotoshopAPI\PhotoshopAPI.vcxproj", "{FAC3227D-0DA7-4E5F-996F-C2C9894435BF}"
EndProject
Project("{8BC9CEB8-8B4A-11D0-8D11-00A0C91BC942}") = "PhotoshopTest", "PhotoshopTest\PhotoshopTest.vcxproj", "{21BD3F6B-A55D-43F4-AA89-3EB85160D57B}"
	ProjectSection(ProjectDependencies) = postProject
		{FAC3227D-0DA7-4E5F-996F-C2C9894435BF} = {FAC3227D-0DA7-4E5F-996F-C2C9894435BF}
	EndProjectSection
EndProject
Global
	GlobalSection(SolutionConfigurationPlatforms) = preSolution
		Debug|x64 = Debug|x64
		Release|x64 = Release|x64
	EndGlobalSection
	GlobalSection(ProjectConfigurationPlatforms) = postSolution
		{FAC3227D-0DA7-4E5F-996F-C2C9894435BF}.Debug|x64.ActiveCfg = Debug|x64
		{FAC3227D-0DA7-4E5F-996F-C2C9894435BF}.Debug|x64.Build.0 = Debug|x64
		{FAC3227D-0DA7-4E5F-996F-C2C9894435BF}.Release|x64.ActiveCfg = Release|x64
		{FAC3227D-0DA7-4E5F-996F-C2C9894435BF}.Release|x64.Build.0 = Release|x64
		{21BD3F6B-A55D-43F4-AA89-3EB85160D57B}.Debug|x64.ActiveCfg = Debug|x64
		{21BD3F6B-A55D-43F4-AA89-3EB85160D57B}.Debug|x64.Build.0 = Debug|x64
		{21BD3F6B-A55D-43F4-AA89-3EB85160D57B}.Release|x64.ActiveCfg = Release|x64
		{21BD3F6B-A55D-43F4-AA89-3EB85160D57B}.Release|x64.Build.0 = Release|x64
	EndGlobalSection
	GlobalSection(SolutionProperties) = preSolution
		HideSolutionNode = FALSE
	EndGlobalSection
	GlobalSection(ExtensibilityGlobals) = postSolution
		SolutionGuid = {D2AFC7A9-69EB-4385-B635-990BB1DA8E24}
	EndGlobalSection
EndGlobal
